
Microsoft Visual Studio Solution File, Format Version 12.00
# Visual Studio Version 17
VisualStudioVersion = 17.1.32328.378
MinimumVisualStudioVersion = 10.0.40219.1
Project("{9A19103F-16F7-4668-BE54-9A1E7A4F7556}") = "NServicebus.Test", "NServicebus.Test\NServicebus.Test.csproj", "{130057A1-44B6-49C7-9987-8693A9B7A0CF}"
EndProject
Project("{9A19103F-16F7-4668-BE54-9A1E7A4F7556}") = "NServicebus.Test2", "NServicebus.Test2\NServicebus.Test2.csproj", "{B3FF4912-F7F3-4372-82CD-A9F6C988E2F7}"
EndProject
Project("{9A19103F-16F7-4668-BE54-9A1E7A4F7556}") = "Common", "Common\Common.csproj", "{959F360D-5611-4B82-8145-5DD506044C7B}"
EndProject
Project("{2150E333-8FDC-42A3-9474-1A3956D46DE8}") = "rabbitmq-docker-cluster", "rabbitmq-docker-cluster", "{AB123EFB-66E7-4F44-AD25-9628EF576208}"
	ProjectSection(SolutionItems) = preProject
		rabbitmq-docker-cluster\definitions.json = rabbitmq-docker-cluster\definitions.json
		rabbitmq-docker-cluster\docker-compose.yml = rabbitmq-docker-cluster\docker-compose.yml
		rabbitmq-docker-cluster\rabbitmq.config = rabbitmq-docker-cluster\rabbitmq.config
	EndProjectSection
EndProject
Global
	GlobalSection(SolutionConfigurationPlatforms) = preSolution
		Debug|Any CPU = Debug|Any CPU
		Release|Any CPU = Release|Any CPU
	EndGlobalSection
	GlobalSection(ProjectConfigurationPlatforms) = postSolution
		{130057A1-44B6-49C7-9987-8693A9B7A0CF}.Debug|Any CPU.ActiveCfg = Debug|Any CPU
		{130057A1-44B6-49C7-9987-8693A9B7A0CF}.Debug|Any CPU.Build.0 = Debug|Any CPU
		{130057A1-44B6-49C7-9987-8693A9B7A0CF}.Release|Any CPU.ActiveCfg = Release|Any CPU
		{130057A1-44B6-49C7-9987-8693A9B7A0CF}.Release|Any CPU.Build.0 = Release|Any CPU
		{B3FF4912-F7F3-4372-82CD-A9F6C988E2F7}.Debug|Any CPU.ActiveCfg = Debug|Any CPU
		{B3FF4912-F7F3-4372-82CD-A9F6C988E2F7}.Debug|Any CPU.Build.0 = Debug|Any CPU
		{B3FF4912-F7F3-4372-82CD-A9F6C988E2F7}.Release|Any CPU.ActiveCfg = Release|Any CPU
		{B3FF4912-F7F3-4372-82CD-A9F6C988E2F7}.Release|Any CPU.Build.0 = Release|Any CPU
		{959F360D-5611-4B82-8145-5DD506044C7B}.Debug|Any CPU.ActiveCfg = Debug|Any CPU
		{959F360D-5611-4B82-8145-5DD506044C7B}.Debug|Any CPU.Build.0 = Debug|Any CPU
		{959F360D-5611-4B82-8145-5DD506044C7B}.Release|Any CPU.ActiveCfg = Release|Any CPU
		{959F360D-5611-4B82-8145-5DD506044C7B}.Release|Any CPU.Build.0 = Release|Any CPU
	EndGlobalSection
	GlobalSection(SolutionProperties) = preSolution
		HideSolutionNode = FALSE
	EndGlobalSection
	GlobalSection(ExtensibilityGlobals) = postSolution
		SolutionGuid = {9DD31DB3-CF2A-462B-B9DC-AA57934B9C76}
	EndGlobalSection
EndGlobal
